
Microsoft Visual Studio Solution File, Format Version 12.00
# Visual Studio 15
VisualStudioVersion = 15.0.27703.2018
MinimumVisualStudioVersion = 10.0.40219.1
Project("{FAE04EC0-301F-11D3-BF4B-00C04F79EFBC}") = "battleship-board", "battleship-board.csproj", "{963517C4-5648-45E1-A0FB-1C46F4B275AF}"
EndProject
Project("{FAE04EC0-301F-11D3-BF4B-00C04F79EFBC}") = "battleship-board-tests", "..\battleship-board_tests\battleship-board-tests.csproj", "{61FF0916-43DD-46EF-A8F5-DB3AFA664C6E}"
EndProject
Global
	GlobalSection(SolutionConfigurationPlatforms) = preSolution
		Debug|Any CPU = Debug|Any CPU
		Release|Any CPU = Release|Any CPU
	EndGlobalSection
	GlobalSection(ProjectConfigurationPlatforms) = postSolution
		{963517C4-5648-45E1-A0FB-1C46F4B275AF}.Debug|Any CPU.ActiveCfg = Debug|Any CPU
		{963517C4-5648-45E1-A0FB-1C46F4B275AF}.Debug|Any CPU.Build.0 = Debug|Any CPU
		{963517C4-5648-45E1-A0FB-1C46F4B275AF}.Release|Any CPU.ActiveCfg = Release|Any CPU
		{963517C4-5648-45E1-A0FB-1C46F4B275AF}.Release|Any CPU.Build.0 = Release|Any CPU
		{61FF0916-43DD-46EF-A8F5-DB3AFA664C6E}.Debug|Any CPU.ActiveCfg = Debug|Any CPU
		{61FF0916-43DD-46EF-A8F5-DB3AFA664C6E}.Debug|Any CPU.Build.0 = Debug|Any CPU
		{61FF0916-43DD-46EF-A8F5-DB3AFA664C6E}.Release|Any CPU.ActiveCfg = Release|Any CPU
		{61FF0916-43DD-46EF-A8F5-DB3AFA664C6E}.Release|Any CPU.Build.0 = Release|Any CPU
	EndGlobalSection
	GlobalSection(SolutionProperties) = preSolution
		HideSolutionNode = FALSE
	EndGlobalSection
	GlobalSection(ExtensibilityGlobals) = postSolution
		SolutionGuid = {F194C702-FA9C-4F1E-886B-3249EA3C928C}
	EndGlobalSection
EndGlobal
